
Microsoft Visual Studio Solution File, Format Version 12.00
# Visual Studio Version 17
VisualStudioVersion = 17.1.32414.318
MinimumVisualStudioVersion = 10.0.40219.1
Project("{9A19103F-16F7-4668-BE54-9A1E7A4F7556}") = "Involver", "Involver\Involver.csproj", "{2786E9AF-9487-4B13-9D1C-56A707DB5694}"
EndProject
Project("{9A19103F-16F7-4668-BE54-9A1E7A4F7556}") = "InvolverRoutineWork", "InvolverRoutineWork\InvolverRoutineWork.csproj", "{AE6938E9-30BE-4F98-875E-1EA09FC95393}"
EndProject
Project("{9A19103F-16F7-4668-BE54-9A1E7A4F7556}") = "InvolverTest", "InvolverTest\InvolverTest.csproj", "{327A717A-CDD9-4551-B1BD-55D9F210CDB0}"
EndProject
Project("{00D1A9C2-B5F0-4AF3-8072-F6C62B433612}") = "Database", "Database\Database.sqlproj", "{5CA35450-9EA1-4A4B-B081-4BC13B08AD5E}"
EndProject
Project("{FAE04EC0-301F-11D3-BF4B-00C04F79EFBC}") = "DataAccess", "DataAccess\DataAccess.csproj", "{3DBAE086-E238-446C-96FB-1A66E553B55E}"
EndProject
Global
	GlobalSection(SolutionConfigurationPlatforms) = preSolution
		Debug|Any CPU = Debug|Any CPU
		Release|Any CPU = Release|Any CPU
	EndGlobalSection
	GlobalSection(ProjectConfigurationPlatforms) = postSolution
		{2786E9AF-9487-4B13-9D1C-56A707DB5694}.Debug|Any CPU.ActiveCfg = Debug|Any CPU
		{2786E9AF-9487-4B13-9D1C-56A707DB5694}.Debug|Any CPU.Build.0 = Debug|Any CPU
		{2786E9AF-9487-4B13-9D1C-56A707DB5694}.Release|Any CPU.ActiveCfg = Release|Any CPU
		{2786E9AF-9487-4B13-9D1C-56A707DB5694}.Release|Any CPU.Build.0 = Release|Any CPU
		{AE6938E9-30BE-4F98-875E-1EA09FC95393}.Debug|Any CPU.ActiveCfg = Debug|Any CPU
		{AE6938E9-30BE-4F98-875E-1EA09FC95393}.Debug|Any CPU.Build.0 = Debug|Any CPU
		{AE6938E9-30BE-4F98-875E-1EA09FC95393}.Release|Any CPU.ActiveCfg = Release|Any CPU
		{AE6938E9-30BE-4F98-875E-1EA09FC95393}.Release|Any CPU.Build.0 = Release|Any CPU
		{327A717A-CDD9-4551-B1BD-55D9F210CDB0}.Debug|Any CPU.ActiveCfg = Debug|Any CPU
		{327A717A-CDD9-4551-B1BD-55D9F210CDB0}.Debug|Any CPU.Build.0 = Debug|Any CPU
		{327A717A-CDD9-4551-B1BD-55D9F210CDB0}.Release|Any CPU.ActiveCfg = Release|Any CPU
		{327A717A-CDD9-4551-B1BD-55D9F210CDB0}.Release|Any CPU.Build.0 = Release|Any CPU
		{5CA35450-9EA1-4A4B-B081-4BC13B08AD5E}.Debug|Any CPU.ActiveCfg = Debug|Any CPU
		{5CA35450-9EA1-4A4B-B081-4BC13B08AD5E}.Debug|Any CPU.Build.0 = Debug|Any CPU
		{5CA35450-9EA1-4A4B-B081-4BC13B08AD5E}.Debug|Any CPU.Deploy.0 = Debug|Any CPU
		{5CA35450-9EA1-4A4B-B081-4BC13B08AD5E}.Release|Any CPU.ActiveCfg = Release|Any CPU
		{5CA35450-9EA1-4A4B-B081-4BC13B08AD5E}.Release|Any CPU.Build.0 = Release|Any CPU
		{5CA35450-9EA1-4A4B-B081-4BC13B08AD5E}.Release|Any CPU.Deploy.0 = Release|Any CPU
		{3DBAE086-E238-446C-96FB-1A66E553B55E}.Debug|Any CPU.ActiveCfg = Debug|Any CPU
		{3DBAE086-E238-446C-96FB-1A66E553B55E}.Debug|Any CPU.Build.0 = Debug|Any CPU
		{3DBAE086-E238-446C-96FB-1A66E553B55E}.Release|Any CPU.ActiveCfg = Release|Any CPU
		{3DBAE086-E238-446C-96FB-1A66E553B55E}.Release|Any CPU.Build.0 = Release|Any CPU
	EndGlobalSection
	GlobalSection(SolutionProperties) = preSolution
		HideSolutionNode = FALSE
	EndGlobalSection
	GlobalSection(ExtensibilityGlobals) = postSolution
		SolutionGuid = {1166A643-0C21-4A77-A542-A2EA65F0056C}
	EndGlobalSection
EndGlobal
